{
  "object": {
    "pins": [
      {
        "package": "Alamofire",
        "repositoryURL": "https://github.com/Alamofire/Alamofire.git",
        "state": {
          "branch": null,
          "revision": "bc268c28fb170f494de9e9927c371b8342979ece",
          "version": "5.7.1"
        }
      },
      {
        "package": "SwiftyDropbox",
        "repositoryURL": "https://github.com/dropbox/SwiftyDropbox.git",
        "state": {
          "branch": null,
          "revision": "5bda01b02a87568801a5b2af07e3fdb075dce69c",
          "version": "9.2.0"
        }
      }
    ]
  },
  "version": 1
}
